
Microsoft Visual Studio Solution File, Format Version 12.00
# Visual Studio 14
VisualStudioVersion = 14.0.25123.0
MinimumVisualStudioVersion = 10.0.40219.1
Project("{8BC9CEB8-8B4A-11D0-8D11-00A0C91BC942}") = "ENOJ", "src\ENOJ.vcxproj", "{BBD75101-2442-4C75-B464-984C1A9AC579}"
EndProject
Global
	GlobalSection(SolutionConfigurationPlatforms) = preSolution
		Main|x86 = Main|x86
	EndGlobalSection
	GlobalSection(ProjectConfigurationPlatforms) = postSolution
		{BBD75101-2442-4C75-B464-984C1A9AC579}.Main|x86.ActiveCfg = Main|Win32
		{BBD75101-2442-4C75-B464-984C1A9AC579}.Main|x86.Build.0 = Main|Win32
	EndGlobalSection
	GlobalSection(SolutionProperties) = preSolution
		HideSolutionNode = FALSE
	EndGlobalSection
EndGlobal
